// !$*UTF8*$!
{
	archiveVersion = 1;
	classes = {
	};
	objectVersion = 46;
	objects = {

/* Begin PBXBuildFile section */
		4B10485F1B7B8C6E00FA37AD /* footer-background-min.jpg in Resources */ = {isa = PBXBuildFile; fileRef = 4B10485D1B7B8C6E00FA37AD /* footer-background-min.jpg */; };
		4B1048601B7B8C6E00FA37AD /* WatchKit-cover_640@2x.png in Resources */ = {isa = PBXBuildFile; fileRef = 4B10485E1B7B8C6E00FA37AD /* WatchKit-cover_640@2x.png */; };
		4B8C4F761B79356900E33B03 /* AppDelegate.swift in Sources */ = {isa = PBXBuildFile; fileRef = 4B8C4F751B79356900E33B03 /* AppDelegate.swift */; };
		4B8C4F781B79356900E33B03 /* ViewController.swift in Sources */ = {isa = PBXBuildFile; fileRef = 4B8C4F771B79356900E33B03 /* ViewController.swift */; };
		4B8C4F7B1B79356900E33B03 /* Main.storyboard in Resources */ = {isa = PBXBuildFile; fileRef = 4B8C4F791B79356900E33B03 /* Main.storyboard */; };
		4B8C4F7D1B79356900E33B03 /* Images.xcassets in Resources */ = {isa = PBXBuildFile; fileRef = 4B8C4F7C1B79356900E33B03 /* Images.xcassets */; };
		4B8C4F801B79356900E33B03 /* LaunchScreen.xib in Resources */ = {isa = PBXBuildFile; fileRef = 4B8C4F7E1B79356900E33B03 /* LaunchScreen.xib */; };
		4B8C4F8C1B79356900E33B03 /* ConstraintsTests.swift in Sources */ = {isa = PBXBuildFile; fileRef = 4B8C4F8B1B79356900E33B03 /* ConstraintsTests.swift */; };
		4BD966A31B7CDB7A0021BD68 /* Puffin_1200x800.png in Resources */ = {isa = PBXBuildFile; fileRef = 4BD966A11B7CDB7A0021BD68 /* Puffin_1200x800.png */; };
		4BD966A41B7CDB7A0021BD68 /* troll.png in Resources */ = {isa = PBXBuildFile; fileRef = 4BD966A21B7CDB7A0021BD68 /* troll.png */; };
/* End PBXBuildFile section */

/* Begin PBXContainerItemProxy section */
		4B8C4F861B79356900E33B03 /* PBXContainerItemProxy */ = {
			isa = PBXContainerItemProxy;
			containerPortal = 4B8C4F681B79356900E33B03 /* Project object */;
			proxyType = 1;
			remoteGlobalIDString = 4B8C4F6F1B79356900E33B03;
			remoteInfo = Constraints;
		};
/* End PBXContainerItemProxy section */

/* Begin PBXFileReference section */
		4B10485D1B7B8C6E00FA37AD /* footer-background-min.jpg */ = {isa = PBXFileReference; lastKnownFileType = image.jpeg; path = "footer-background-min.jpg"; sourceTree = "<group>"; };
		4B10485E1B7B8C6E00FA37AD /* WatchKit-cover_640@2x.png */ = {isa = PBXFileReference; lastKnownFileType = image.png; path = "WatchKit-cover_640@2x.png"; sourceTree = "<group>"; };
		4B8C4F701B79356900E33B03 /* Constraints.app */ = {isa = PBXFileReference; explicitFileType = wrapper.application; includeInIndex = 0; path = Constraints.app; sourceTree = BUILT_PRODUCTS_DIR; };
		4B8C4F741B79356900E33B03 /* Info.plist */ = {isa = PBXFileReference; lastKnownFileType = text.plist.xml; path = Info.plist; sourceTree = "<group>"; };
		4B8C4F751B79356900E33B03 /* AppDelegate.swift */ = {isa = PBXFileReference; lastKnownFileType = sourcecode.swift; path = AppDelegate.swift; sourceTree = "<group>"; };
		4B8C4F771B79356900E33B03 /* ViewController.swift */ = {isa = PBXFileReference; lastKnownFileType = sourcecode.swift; path = ViewController.swift; sourceTree = "<group>"; };
		4B8C4F7A1B79356900E33B03 /* Base */ = {isa = PBXFileReference; lastKnownFileType = file.storyboard; name = Base; path = Base.lproj/Main.storyboard; sourceTree = "<group>"; };
		4B8C4F7C1B79356900E33B03 /* Images.xcassets */ = {isa = PBXFileReference; lastKnownFileType = folder.assetcatalog; path = Images.xcassets; sourceTree = "<group>"; };
		4B8C4F7F1B79356900E33B03 /* Base */ = {isa = PBXFileReference; lastKnownFileType = file.xib; name = Base; path = Base.lproj/LaunchScreen.xib; sourceTree = "<group>"; };
		4B8C4F851B79356900E33B03 /* ConstraintsTests.xctest */ = {isa = PBXFileReference; explicitFileType = wrapper.cfbundle; includeInIndex = 0; path = ConstraintsTests.xctest; sourceTree = BUILT_PRODUCTS_DIR; };
		4B8C4F8A1B79356900E33B03 /* Info.plist */ = {isa = PBXFileReference; lastKnownFileType = text.plist.xml; path = Info.plist; sourceTree = "<group>"; };
		4B8C4F8B1B79356900E33B03 /* ConstraintsTests.swift */ = {isa = PBXFileReference; lastKnownFileType = sourcecode.swift; path = ConstraintsTests.swift; sourceTree = "<group>"; };
		4BD966A11B7CDB7A0021BD68 /* Puffin_1200x800.png */ = {isa = PBXFileReference; lastKnownFileType = image.png; path = Puffin_1200x800.png; sourceTree = "<group>"; };
		4BD966A21B7CDB7A0021BD68 /* troll.png */ = {isa = PBXFileReference; lastKnownFileType = image.png; path = troll.png; sourceTree = "<group>"; };
/* End PBXFileReference section */

/* Begin PBXFrameworksBuildPhase section */
		4B8C4F6D1B79356900E33B03 /* Frameworks */ = {
			isa = PBXFrameworksBuildPhase;
			buildActionMask = 2147483647;
			files = (
			);
			runOnlyForDeploymentPostprocessing = 0;
		};
		4B8C4F821B79356900E33B03 /* Frameworks */ = {
			isa = PBXFrameworksBuildPhase;
			buildActionMask = 2147483647;
			files = (
			);
			runOnlyForDeploymentPostprocessing = 0;
		};
/* End PBXFrameworksBuildPhase section */

/* Begin PBXGroup section */
		4B8C4F671B79356900E33B03 = {
			isa = PBXGroup;
			children = (
				4B8C4F721B79356900E33B03 /* Constraints */,
				4B8C4F881B79356900E33B03 /* ConstraintsTests */,
				4B8C4F711B79356900E33B03 /* Products */,
			);
			sourceTree = "<group>";
		};
		4B8C4F711B79356900E33B03 /* Products */ = {
			isa = PBXGroup;
			children = (
				4B8C4F701B79356900E33B03 /* Constraints.app */,
				4B8C4F851B79356900E33B03 /* ConstraintsTests.xctest */,
			);
			name = Products;
			sourceTree = "<group>";
		};
		4B8C4F721B79356900E33B03 /* Constraints */ = {
			isa = PBXGroup;
			children = (
				4BD966A11B7CDB7A0021BD68 /* Puffin_1200x800.png */,
				4BD966A21B7CDB7A0021BD68 /* troll.png */,
				4B8C4F751B79356900E33B03 /* AppDelegate.swift */,
				4B8C4F771B79356900E33B03 /* ViewController.swift */,
				4B8C4F791B79356900E33B03 /* Main.storyboard */,
				4B8C4F7C1B79356900E33B03 /* Images.xcassets */,
				4B8C4F7E1B79356900E33B03 /* LaunchScreen.xib */,
				4B10485D1B7B8C6E00FA37AD /* footer-background-min.jpg */,
				4B10485E1B7B8C6E00FA37AD /* WatchKit-cover_640@2x.png */,
				4B8C4F731B79356900E33B03 /* Supporting Files */,
			);
			path = Constraints;
			sourceTree = "<group>";
		};
		4B8C4F731B79356900E33B03 /* Supporting Files */ = {
			isa = PBXGroup;
			children = (
				4B8C4F741B79356900E33B03 /* Info.plist */,
			);
			name = "Supporting Files";
			sourceTree = "<group>";
		};
		4B8C4F881B79356900E33B03 /* ConstraintsTests */ = {
			isa = PBXGroup;
			children = (
				4B8C4F8B1B79356900E33B03 /* ConstraintsTests.swift */,
				4B8C4F891B79356900E33B03 /* Supporting Files */,
			);
			path = ConstraintsTests;
			sourceTree = "<group>";
		};
		4B8C4F891B79356900E33B03 /* Supporting Files */ = {
			isa = PBXGroup;
			children = (
				4B8C4F8A1B79356900E33B03 /* Info.plist */,
			);
			name = "Supporting Files";
			sourceTree = "<group>";
		};
/* End PBXGroup section */

/* Begin PBXNativeTarget section */
		4B8C4F6F1B79356900E33B03 /* Constraints */ = {
			isa = PBXNativeTarget;
			buildConfigurationList = 4B8C4F8F1B79356900E33B03 /* Build configuration list for PBXNativeTarget "Constraints" */;
			buildPhases = (
				4B8C4F6C1B79356900E33B03 /* Sources */,
				4B8C4F6D1B79356900E33B03 /* Frameworks */,
				4B8C4F6E1B79356900E33B03 /* Resources */,
			);
			buildRules = (
			);
			dependencies = (
			);
			name = Constraints;
			productName = Constraints;
			productReference = 4B8C4F701B79356900E33B03 /* Constraints.app */;
			productType = "com.apple.product-type.application";
		};
		4B8C4F841B79356900E33B03 /* ConstraintsTests */ = {
			isa = PBXNativeTarget;
			buildConfigurationList = 4B8C4F921B79356900E33B03 /* Build configuration list for PBXNativeTarget "ConstraintsTests" */;
			buildPhases = (
				4B8C4F811B79356900E33B03 /* Sources */,
				4B8C4F821B79356900E33B03 /* Frameworks */,
				4B8C4F831B79356900E33B03 /* Resources */,
			);
			buildRules = (
			);
			dependencies = (
				4B8C4F871B79356900E33B03 /* PBXTargetDependency */,
			);
			name = ConstraintsTests;
			productName = ConstraintsTests;
			productReference = 4B8C4F851B79356900E33B03 /* ConstraintsTests.xctest */;
			productType = "com.apple.product-type.bundle.unit-test";
		};
/* End PBXNativeTarget section */

/* Begin PBXProject section */
		4B8C4F681B79356900E33B03 /* Project object */ = {
			isa = PBXProject;
			attributes = {
				LastUpgradeCheck = 0640;
				ORGANIZATIONNAME = Story;
				TargetAttributes = {
					4B8C4F6F1B79356900E33B03 = {
						CreatedOnToolsVersion = 6.4;
					};
					4B8C4F841B79356900E33B03 = {
						CreatedOnToolsVersion = 6.4;
						TestTargetID = 4B8C4F6F1B79356900E33B03;
					};
				};
			};
			buildConfigurationList = 4B8C4F6B1B79356900E33B03 /* Build configuration list for PBXProject "Constraints" */;
			compatibilityVersion = "Xcode 3.2";
			developmentRegion = English;
			hasScannedForEncodings = 0;
			knownRegions = (
				en,
				Base,
			);
			mainGroup = 4B8C4F671B79356900E33B03;
			productRefGroup = 4B8C4F711B79356900E33B03 /* Products */;
			projectDirPath = "";
			projectRoot = "";
			targets = (
				4B8C4F6F1B79356900E33B03 /* Constraints */,
				4B8C4F841B79356900E33B03 /* ConstraintsTests */,
			);
		};
/* End PBXProject section */

/* Begin PBXResourcesBuildPhase section */
		4B8C4F6E1B79356900E33B03 /* Resources */ = {
			isa = PBXResourcesBuildPhase;
			buildActionMask = 2147483647;
			files = (
				4B8C4F7B1B79356900E33B03 /* Main.storyboard in Resources */,
				4B1048601B7B8C6E00FA37AD /* WatchKit-cover_640@2x.png in Resources */,
				4BD966A31B7CDB7A0021BD68 /* Puffin_1200x800.png in Resources */,
				4B10485F1B7B8C6E00FA37AD /* footer-background-min.jpg in Resources */,
				4B8C4F801B79356900E33B03 /* LaunchScreen.xib in Resources */,
				4B8C4F7D1B79356900E33B03 /* Images.xcassets in Resources */,
				4BD966A41B7CDB7A0021BD68 /* troll.png in Resources */,
			);
			runOnlyForDeploymentPostprocessing = 0;
		};
		4B8C4F831B79356900E33B03 /* Resources */ = {
			isa = PBXResourcesBuildPhase;
			buildActionMask = 2147483647;
			files = (
			);
			runOnlyForDeploymentPostprocessing = 0;
		};
/* End PBXResourcesBuildPhase section */

/* Begin PBXSourcesBuildPhase section */
		4B8C4F6C1B79356900E33B03 /* Sources */ = {
			isa = PBXSourcesBuildPhase;
			buildActionMask = 2147483647;
			files = (
				4B8C4F781B79356900E33B03 /* ViewController.swift in Sources */,
				4B8C4F761B79356900E33B03 /* AppDelegate.swift in Sources */,
			);
			runOnlyForDeploymentPostprocessing = 0;
		};
		4B8C4F811B79356900E33B03 /* Sources */ = {
			isa = PBXSourcesBuildPhase;
			buildActionMask = 2147483647;
			files = (
				4B8C4F8C1B79356900E33B03 /* ConstraintsTests.swift in Sources */,
			);
			runOnlyForDeploymentPostprocessing = 0;
		};
/* End PBXSourcesBuildPhase section */

/* Begin PBXTargetDependency section */
		4B8C4F871B79356900E33B03 /* PBXTargetDependency */ = {
			isa = PBXTargetDependency;
			target = 4B8C4F6F1B79356900E33B03 /* Constraints */;
			targetProxy = 4B8C4F861B79356900E33B03 /* PBXContainerItemProxy */;
		};
/* End PBXTargetDependency section */

/* Begin PBXVariantGroup section */
		4B8C4F791B79356900E33B03 /* Main.storyboard */ = {
			isa = PBXVariantGroup;
			children = (
				4B8C4F7A1B79356900E33B03 /* Base */,
			);
			name = Main.storyboard;
			sourceTree = "<group>";
		};
		4B8C4F7E1B79356900E33B03 /* LaunchScreen.xib */ = {
			isa = PBXVariantGroup;
			children = (
				4B8C4F7F1B79356900E33B03 /* Base */,
			);
			name = LaunchScreen.xib;
			sourceTree = "<group>";
		};
/* End PBXVariantGroup section */

/* Begin XCBuildConfiguration section */
		4B8C4F8D1B79356900E33B03 /* Debug */ = {
			isa = XCBuildConfiguration;
			buildSettings = {
				ALWAYS_SEARCH_USER_PATHS = NO;
				CLANG_CXX_LANGUAGE_STANDARD = "gnu++0x";
				CLANG_CXX_LIBRARY = "libc++";
				CLANG_ENABLE_MODULES = YES;
				CLANG_ENABLE_OBJC_ARC = YES;
				CLANG_WARN_BOOL_CONVERSION = YES;
				CLANG_WARN_CONSTANT_CONVERSION = YES;
				CLANG_WARN_DIRECT_OBJC_ISA_USAGE = YES_ERROR;
				CLANG_WARN_EMPTY_BODY = YES;
				CLANG_WARN_ENUM_CONVERSION = YES;
				CLANG_WARN_INT_CONVERSION = YES;
				CLANG_WARN_OBJC_ROOT_CLASS = YES_ERROR;
				CLANG_WARN_UNREACHABLE_CODE = YES;
				CLANG_WARN__DUPLICATE_METHOD_MATCH = YES;
				"CODE_SIGN_IDENTITY[sdk=iphoneos*]" = "iPhone Developer";
				COPY_PHASE_STRIP = NO;
				DEBUG_INFORMATION_FORMAT = "dwarf-with-dsym";
				ENABLE_STRICT_OBJC_MSGSEND = YES;
				GCC_C_LANGUAGE_STANDARD = gnu99;
				GCC_DYNAMIC_NO_PIC = NO;
				GCC_NO_COMMON_BLOCKS = YES;
				GCC_OPTIMIZATION_LEVEL = 0;
				GCC_PREPROCESSOR_DEFINITIONS = (
					"DEBUG=1",
					"$(inherited)",
				);
				GCC_SYMBOLS_PRIVATE_EXTERN = NO;
				GCC_WARN_64_TO_32_BIT_CONVERSION = YES;
				GCC_WARN_ABOUT_RETURN_TYPE = YES_ERROR;
				GCC_WARN_UNDECLARED_SELECTOR = YES;
				GCC_WARN_UNINITIALIZED_AUTOS = YES_AGGRESSIVE;
				GCC_WARN_UNUSED_FUNCTION = YES;
				GCC_WARN_UNUSED_VARIABLE = YES;
				IPHONEOS_DEPLOYMENT_TARGET = 8.4;
				MTL_ENABLE_DEBUG_INFO = YES;
				ONLY_ACTIVE_ARCH = YES;
				SDKROOT = iphoneos;
				SWIFT_OPTIMIZATION_LEVEL = "-Onone";
				TARGETED_DEVICE_FAMILY = "1,2";
			};
			name = Debug;
		};
		4B8C4F8E1B79356900E33B03 /* Release */ = {
			isa = XCBuildConfiguration;
			buildSettings = {
				ALWAYS_SEARCH_USER_PATHS = NO;
				CLANG_CXX_LANGUAGE_STANDARD = "gnu++0x";
				CLANG_CXX_LIBRARY = "libc++";
				CLANG_ENABLE_MODULES = YES;
				CLANG_ENABLE_OBJC_ARC = YES;
				CLANG_WARN_BOOL_CONVERSION = YES;
				CLANG_WARN_CONSTANT_CONVERSION = YES;
				CLANG_WARN_DIRECT_OBJC_ISA_USAGE = YES_ERROR;
				CLANG_WARN_EMPTY_BODY = YES;
				CLANG_WARN_ENUM_CONVERSION = YES;
				CLANG_WARN_INT_CONVERSION = YES;
				CLANG_WARN_OBJC_ROOT_CLASS = YES_ERROR;
				CLANG_WARN_UNREACHABLE_CODE = YES;
				CLANG_WARN__DUPLICATE_METHOD_MATCH = YES;
				"CODE_SIGN_IDENTITY[sdk=iphoneos*]" = "iPhone Developer";
				COPY_PHASE_STRIP = NO;
				DEBUG_INFORMATION_FORMAT = "dwarf-with-dsym";
				ENABLE_NS_ASSERTIONS = NO;
				ENABLE_STRICT_OBJC_MSGSEND = YES;
				GCC_C_LANGUAGE_STANDARD = gnu99;
				GCC_NO_COMMON_BLOCKS = YES;
				GCC_WARN_64_TO_32_BIT_CONVERSION = YES;
				GCC_WARN_ABOUT_RETURN_TYPE = YES_ERROR;
				GCC_WARN_UNDECLARED_SELECTOR = YES;
				GCC_WARN_UNINITIALIZED_AUTOS = YES_AGGRESSIVE;
				GCC_WARN_UNUSED_FUNCTION = YES;
				GCC_WARN_UNUSED_VARIABLE = YES;
				IPHONEOS_DEPLOYMENT_TARGET = 8.4;
				MTL_ENABLE_DEBUG_INFO = NO;
				SDKROOT = iphoneos;
				TARGETED_DEVICE_FAMILY = "1,2";
				VALIDATE_PRODUCT = YES;
			};
			name = Release;
		};
		4B8C4F901B79356900E33B03 /* Debug */ = {
			isa = XCBuildConfiguration;
			buildSettings = {
				ASSETCATALOG_COMPILER_APPICON_NAME = AppIcon;
				INFOPLIST_FILE = Constraints/Info.plist;
				LD_RUNPATH_SEARCH_PATHS = "$(inherited) @executable_path/Frameworks";
				PRODUCT_NAME = "$(TARGET_NAME)";
			};
			name = Debug;
		};
		4B8C4F911B79356900E33B03 /* Release */ = {
			isa = XCBuildConfiguration;
			buildSettings = {
				ASSETCATALOG_COMPILER_APPICON_NAME = AppIcon;
				INFOPLIST_FILE = Constraints/Info.plist;
				LD_RUNPATH_SEARCH_PATHS = "$(inherited) @executable_path/Frameworks";
				PRODUCT_NAME = "$(TARGET_NAME)";
			};
			name = Release;
		};
		4B8C4F931B79356900E33B03 /* Debug */ = {
			isa = XCBuildConfiguration;
			buildSettings = {
				BUNDLE_LOADER = "$(TEST_HOST)";
				FRAMEWORK_SEARCH_PATHS = (
					"$(SDKROOT)/Developer/Library/Frameworks",
					"$(inherited)",
				);
				GCC_PREPROCESSOR_DEFINITIONS = (
					"DEBUG=1",
					"$(inherited)",
				);
				INFOPLIST_FILE = ConstraintsTests/Info.plist;
				LD_RUNPATH_SEARCH_PATHS = "$(inherited) @executable_path/Frameworks @loader_path/Frameworks";
				PRODUCT_NAME = "$(TARGET_NAME)";
				TEST_HOST = "$(BUILT_PRODUCTS_DIR)/Constraints.app/Constraints";
			};
			name = Debug;
		};
		4B8C4F941B79356900E33B03 /* Release */ = {
			isa = XCBuildConfiguration;
			buildSettings = {
				BUNDLE_LOADER = "$(TEST_HOST)";
				FRAMEWORK_SEARCH_PATHS = (
					"$(SDKROOT)/Developer/Library/Frameworks",
					"$(inherited)",
				);
				INFOPLIST_FILE = ConstraintsTests/Info.plist;
				LD_RUNPATH_SEARCH_PATHS = "$(inherited) @executable_path/Frameworks @loader_path/Frameworks";
				PRODUCT_NAME = "$(TARGET_NAME)";
				TEST_HOST = "$(BUILT_PRODUCTS_DIR)/Constraints.app/Constraints";
			};
			name = Release;
		};
/* End XCBuildConfiguration section */

/* Begin XCConfigurationList section */
		4B8C4F6B1B79356900E33B03 /* Build configuration list for PBXProject "Constraints" */ = {
			isa = XCConfigurationList;
			buildConfigurations = (
				4B8C4F8D1B79356900E33B03 /* Debug */,
				4B8C4F8E1B79356900E33B03 /* Release */,
			);
			defaultConfigurationIsVisible = 0;
			defaultConfigurationName = Release;
		};
		4B8C4F8F1B79356900E33B03 /* Build configuration list for PBXNativeTarget "Constraints" */ = {
			isa = XCConfigurationList;
			buildConfigurations = (
				4B8C4F901B79356900E33B03 /* Debug */,
				4B8C4F911B79356900E33B03 /* Release */,
			);
			defaultConfigurationIsVisible = 0;
			defaultConfigurationName = Release;
		};
		4B8C4F921B79356900E33B03 /* Build configuration list for PBXNativeTarget "ConstraintsTests" */ = {
			isa = XCConfigurationList;
			buildConfigurations = (
				4B8C4F931B79356900E33B03 /* Debug */,
				4B8C4F941B79356900E33B03 /* Release */,
			);
			defaultConfigurationIsVisible = 0;
			defaultConfigurationName = Release;
		};
/* End XCConfigurationList section */
	};
	rootObject = 4B8C4F681B79356900E33B03 /* Project object */;
}
